
Microsoft Visual Studio Solution File, Format Version 12.00
# Visual Studio Version 16
VisualStudioVersion = 16.0.30517.126
MinimumVisualStudioVersion = 10.0.40219.1
Project("{FAE04EC0-301F-11D3-BF4B-00C04F79EFBC}") = "Fakebook", "Fakebook.csproj", "{849D5B73-F6FC-4FDB-BDC1-269942911FA6}"
EndProject
Global
	GlobalSection(SolutionConfigurationPlatforms) = preSolution
		Debug|Any CPU = Debug|Any CPU
		Release|Any CPU = Release|Any CPU
	EndGlobalSection
	GlobalSection(ProjectConfigurationPlatforms) = postSolution
		{849D5B73-F6FC-4FDB-BDC1-269942911FA6}.Debug|Any CPU.ActiveCfg = Debug|Any CPU
		{849D5B73-F6FC-4FDB-BDC1-269942911FA6}.Debug|Any CPU.Build.0 = Debug|Any CPU
		{849D5B73-F6FC-4FDB-BDC1-269942911FA6}.Release|Any CPU.ActiveCfg = Release|Any CPU
		{849D5B73-F6FC-4FDB-BDC1-269942911FA6}.Release|Any CPU.Build.0 = Release|Any CPU
	EndGlobalSection
	GlobalSection(SolutionProperties) = preSolution
		HideSolutionNode = FALSE
	EndGlobalSection
	GlobalSection(ExtensibilityGlobals) = postSolution
		SolutionGuid = {1A5A5441-0810-4F97-9AEA-426159BEC2C0}
	EndGlobalSection
EndGlobal
